
Microsoft Visual Studio Solution File, Format Version 12.00
Project("{FAE04EC0-301F-11D3-BF4B-00C04F79EFBC}") = "SpotifySongDownloader", "SpotifySongDownloader\SpotifySongDownloader.csproj", "{AF64C5DA-A9C4-4284-917D-7C5079EE0D0B}"
EndProject
Project("{FAE04EC0-301F-11D3-BF4B-00C04F79EFBC}") = "SongWorker", "SongWorker\SongWorker.csproj", "{A28E18FC-E5E3-40D0-B5DC-E165E66BC94C}"
EndProject
Project("{FAE04EC0-301F-11D3-BF4B-00C04F79EFBC}") = "SpotifyApiWorker", "SpotifyApiWorker\SpotifyApiWorker.csproj", "{62AEFBA8-A47A-45F4-8BA2-D159A7A8EE62}"
EndProject
Global
	GlobalSection(SolutionConfigurationPlatforms) = preSolution
		Debug|Any CPU = Debug|Any CPU
		Release|Any CPU = Release|Any CPU
	EndGlobalSection
	GlobalSection(ProjectConfigurationPlatforms) = postSolution
		{AF64C5DA-A9C4-4284-917D-7C5079EE0D0B}.Debug|Any CPU.ActiveCfg = Debug|Any CPU
		{AF64C5DA-A9C4-4284-917D-7C5079EE0D0B}.Debug|Any CPU.Build.0 = Debug|Any CPU
		{AF64C5DA-A9C4-4284-917D-7C5079EE0D0B}.Release|Any CPU.ActiveCfg = Release|Any CPU
		{AF64C5DA-A9C4-4284-917D-7C5079EE0D0B}.Release|Any CPU.Build.0 = Release|Any CPU
		{A28E18FC-E5E3-40D0-B5DC-E165E66BC94C}.Debug|Any CPU.ActiveCfg = Debug|Any CPU
		{A28E18FC-E5E3-40D0-B5DC-E165E66BC94C}.Debug|Any CPU.Build.0 = Debug|Any CPU
		{A28E18FC-E5E3-40D0-B5DC-E165E66BC94C}.Release|Any CPU.ActiveCfg = Release|Any CPU
		{A28E18FC-E5E3-40D0-B5DC-E165E66BC94C}.Release|Any CPU.Build.0 = Release|Any CPU
		{62AEFBA8-A47A-45F4-8BA2-D159A7A8EE62}.Debug|Any CPU.ActiveCfg = Debug|Any CPU
		{62AEFBA8-A47A-45F4-8BA2-D159A7A8EE62}.Debug|Any CPU.Build.0 = Debug|Any CPU
		{62AEFBA8-A47A-45F4-8BA2-D159A7A8EE62}.Release|Any CPU.ActiveCfg = Release|Any CPU
		{62AEFBA8-A47A-45F4-8BA2-D159A7A8EE62}.Release|Any CPU.Build.0 = Release|Any CPU
	EndGlobalSection
EndGlobal
